
Microsoft Visual Studio Solution File, Format Version 12.00
# Visual Studio Version 17
VisualStudioVersion = 17.0.31912.275
MinimumVisualStudioVersion = 10.0.40219.1
Project("{FAE04EC0-301F-11D3-BF4B-00C04F79EFBC}") = "InAndOut", "InAndOut\InAndOut.csproj", "{F6584EF7-EF8D-4BD6-9862-668175E52285}"
EndProject
Global
	GlobalSection(SolutionConfigurationPlatforms) = preSolution
		Debug|Any CPU = Debug|Any CPU
		Release|Any CPU = Release|Any CPU
	EndGlobalSection
	GlobalSection(ProjectConfigurationPlatforms) = postSolution
		{F6584EF7-EF8D-4BD6-9862-668175E52285}.Debug|Any CPU.ActiveCfg = Debug|Any CPU
		{F6584EF7-EF8D-4BD6-9862-668175E52285}.Debug|Any CPU.Build.0 = Debug|Any CPU
		{F6584EF7-EF8D-4BD6-9862-668175E52285}.Release|Any CPU.ActiveCfg = Release|Any CPU
		{F6584EF7-EF8D-4BD6-9862-668175E52285}.Release|Any CPU.Build.0 = Release|Any CPU
	EndGlobalSection
	GlobalSection(SolutionProperties) = preSolution
		HideSolutionNode = FALSE
	EndGlobalSection
	GlobalSection(ExtensibilityGlobals) = postSolution
		SolutionGuid = {AE464329-F736-4DB2-B995-EB69222E89A9}
	EndGlobalSection
EndGlobal
